
Microsoft Visual Studio Solution File, Format Version 12.00
# Visual Studio Version 16
VisualStudioVersion = 16.0.28922.388
MinimumVisualStudioVersion = 10.0.40219.1
Project("{8BC9CEB8-8B4A-11D0-8D11-00A0C91BC942}") = "Task1", "Task1\Task1.vcxproj", "{2F52F965-4C47-4C96-891E-7AB4FE9F2F3E}"
EndProject
Project("{8BC9CEB8-8B4A-11D0-8D11-00A0C91BC942}") = "Task2", "Task2\Task2.vcxproj", "{838B26CF-5BB7-4CBD-857D-F1011DFB697F}"
EndProject
Project("{8BC9CEB8-8B4A-11D0-8D11-00A0C91BC942}") = "Task3", "Task3\Task3.vcxproj", "{CC9482F5-52F0-4E93-903C-70F103C35216}"
EndProject
Global
	GlobalSection(SolutionConfigurationPlatforms) = preSolution
		Debug|x64 = Debug|x64
		Debug|x86 = Debug|x86
		Release|x64 = Release|x64
		Release|x86 = Release|x86
	EndGlobalSection
	GlobalSection(ProjectConfigurationPlatforms) = postSolution
		{2F52F965-4C47-4C96-891E-7AB4FE9F2F3E}.Debug|x64.ActiveCfg = Debug|x64
		{2F52F965-4C47-4C96-891E-7AB4FE9F2F3E}.Debug|x64.Build.0 = Debug|x64
		{2F52F965-4C47-4C96-891E-7AB4FE9F2F3E}.Debug|x86.ActiveCfg = Debug|Win32
		{2F52F965-4C47-4C96-891E-7AB4FE9F2F3E}.Debug|x86.Build.0 = Debug|Win32
		{2F52F965-4C47-4C96-891E-7AB4FE9F2F3E}.Release|x64.ActiveCfg = Release|x64
		{2F52F965-4C47-4C96-891E-7AB4FE9F2F3E}.Release|x64.Build.0 = Release|x64
		{2F52F965-4C47-4C96-891E-7AB4FE9F2F3E}.Release|x86.ActiveCfg = Release|Win32
		{2F52F965-4C47-4C96-891E-7AB4FE9F2F3E}.Release|x86.Build.0 = Release|Win32
		{838B26CF-5BB7-4CBD-857D-F1011DFB697F}.Debug|x64.ActiveCfg = Debug|x64
		{838B26CF-5BB7-4CBD-857D-F1011DFB697F}.Debug|x64.Build.0 = Debug|x64
		{838B26CF-5BB7-4CBD-857D-F1011DFB697F}.Debug|x86.ActiveCfg = Debug|Win32
		{838B26CF-5BB7-4CBD-857D-F1011DFB697F}.Debug|x86.Build.0 = Debug|Win32
		{838B26CF-5BB7-4CBD-857D-F1011DFB697F}.Release|x64.ActiveCfg = Release|x64
		{838B26CF-5BB7-4CBD-857D-F1011DFB697F}.Release|x64.Build.0 = Release|x64
		{838B26CF-5BB7-4CBD-857D-F1011DFB697F}.Release|x86.ActiveCfg = Release|Win32
		{838B26CF-5BB7-4CBD-857D-F1011DFB697F}.Release|x86.Build.0 = Release|Win32
		{CC9482F5-52F0-4E93-903C-70F103C35216}.Debug|x64.ActiveCfg = Debug|x64
		{CC9482F5-52F0-4E93-903C-70F103C35216}.Debug|x64.Build.0 = Debug|x64
		{CC9482F5-52F0-4E93-903C-70F103C35216}.Debug|x86.ActiveCfg = Debug|Win32
		{CC9482F5-52F0-4E93-903C-70F103C35216}.Debug|x86.Build.0 = Debug|Win32
		{CC9482F5-52F0-4E93-903C-70F103C35216}.Release|x64.ActiveCfg = Release|x64
		{CC9482F5-52F0-4E93-903C-70F103C35216}.Release|x64.Build.0 = Release|x64
		{CC9482F5-52F0-4E93-903C-70F103C35216}.Release|x86.ActiveCfg = Release|Win32
		{CC9482F5-52F0-4E93-903C-70F103C35216}.Release|x86.Build.0 = Release|Win32
	EndGlobalSection
	GlobalSection(SolutionProperties) = preSolution
		HideSolutionNode = FALSE
	EndGlobalSection
	GlobalSection(ExtensibilityGlobals) = postSolution
		SolutionGuid = {6E44EAA8-DE27-4C2A-A8B1-FB3E8455A011}
	EndGlobalSection
EndGlobal
